# This file is automatically @generated by Poetry 1.5.1 and should not be changed by hand.

[[package]]
name = "asgiref"
version = "3.5.2"
description = "ASGI specs, helper code, and adapters"
optional = false
python-versions = ">=3.7"
files = [
    {file = "asgiref-3.5.2-py3-none-any.whl", hash = "sha256:1d2880b792ae8757289136f1db2b7b99100ce959b2aa57fd69dab783d05afac4"},
    {file = "asgiref-3.5.2.tar.gz", hash = "sha256:4a29362a6acebe09bf1d6640db38c1dc3d9217c68e6f9f6204d72667fc19a424"},
]

[package.extras]
tests = ["mypy (>=0.800)", "pytest", "pytest-asyncio"]

[[package]]
name = "beautifulsoup4"
version = "4.11.1"
description = "Screen-scraping library"
optional = false
python-versions = ">=3.6.0"
files = [
    {file = "beautifulsoup4-4.11.1-py3-none-any.whl", hash = "sha256:58d5c3d29f5a36ffeb94f02f0d786cd53014cf9b3b3951d42e0080d8a9498d30"},
    {file = "beautifulsoup4-4.11.1.tar.gz", hash = "sha256:ad9aa55b65ef2808eb405f46cf74df7fcb7044d5cbc26487f96eb2ef2e436693"},
]

[package.dependencies]
soupsieve = ">1.2"

[package.extras]
html5lib = ["html5lib"]
lxml = ["lxml"]

[[package]]
name = "click"
version = "8.1.3"
description = "Composable command line interface toolkit"
optional = false
python-versions = ">=3.7"
files = [
    {file = "click-8.1.3-py3-none-any.whl", hash = "sha256:bb4d8133cb15a609f44e8213d9b391b0809795062913b383c62be0ee95b1db48"},
    {file = "click-8.1.3.tar.gz", hash = "sha256:7682dc8afb30297001674575ea00d1814d808d6a36af415a82bd481d37ba7b8e"},
]

[package.dependencies]
colorama = {version = "*", markers = "platform_system == \"Windows\""}

[[package]]
name = "colorama"
version = "0.4.6"
description = "Cross-platform colored terminal text."
optional = false
python-versions = "!=3.0.*,!=3.1.*,!=3.2.*,!=3.3.*,!=3.4.*,!=3.5.*,!=3.6.*,>=2.7"
files = [
    {file = "colorama-0.4.6-py2.py3-none-any.whl", hash = "sha256:4f1d9991f5acc0ca119f9d443620b77f9d6b33703e51011c16baf57afb285fc6"},
    {file = "colorama-0.4.6.tar.gz", hash = "sha256:08695f5cb7ed6e0531a20572697297273c47b8cae5a63ffc6d6ed5c201be6e44"},
]

[[package]]
name = "coverage"
version = "6.5.0"
description = "Code coverage measurement for Python"
optional = false
python-versions = ">=3.7"
files = [
    {file = "coverage-6.5.0-cp310-cp310-macosx_10_9_x86_64.whl", hash = "sha256:ef8674b0ee8cc11e2d574e3e2998aea5df5ab242e012286824ea3c6970580e53"},
    {file = "coverage-6.5.0-cp310-cp310-macosx_11_0_arm64.whl", hash = "sha256:784f53ebc9f3fd0e2a3f6a78b2be1bd1f5575d7863e10c6e12504f240fd06660"},
    {file = "coverage-6.5.0-cp310-cp310-manylinux_2_17_aarch64.manylinux2014_aarch64.whl", hash = "sha256:b4a5be1748d538a710f87542f22c2cad22f80545a847ad91ce45e77417293eb4"},
    {file = "coverage-6.5.0-cp310-cp310-manylinux_2_5_i686.manylinux1_i686.manylinux_2_17_i686.manylinux2014_i686.whl", hash = "sha256:83516205e254a0cb77d2d7bb3632ee019d93d9f4005de31dca0a8c3667d5bc04"},
    {file = "coverage-6.5.0-cp310-cp310-manylinux_2_5_x86_64.manylinux1_x86_64.manylinux_2_17_x86_64.manylinux2014_x86_64.whl", hash = "sha256:af4fffaffc4067232253715065e30c5a7ec6faac36f8fc8d6f64263b15f74db0"},
    {file = "coverage-6.5.0-cp310-cp310-musllinux_1_1_aarch64.whl", hash = "sha256:97117225cdd992a9c2a5515db1f66b59db634f59d0679ca1fa3fe8da32749cae"},
    {file = "coverage-6.5.0-cp310-cp310-musllinux_1_1_i686.whl", hash = "sha256:a1170fa54185845505fbfa672f1c1ab175446c887cce8212c44149581cf2d466"},
    {file = "coverage-6.5.0-cp310-cp310-musllinux_1_1_x86_64.whl", hash = "sha256:11b990d520ea75e7ee8dcab5bc908072aaada194a794db9f6d7d5cfd19661e5a"},
    {file = "coverage-6.5.0-cp310-cp310-win32.whl", hash = "sha256:5dbec3b9095749390c09ab7c89d314727f18800060d8d24e87f01fb9cfb40b32"},
    {file = "coverage-6.5.0-cp310-cp310-win_amd64.whl", hash = "sha256:59f53f1dc5b656cafb1badd0feb428c1e7bc19b867479ff72f7a9dd9b479f10e"},
    {file = "coverage-6.5.0-cp311-cp311-macosx_10_9_x86_64.whl", hash = "sha256:4a5375e28c5191ac38cca59b38edd33ef4cc914732c916f2929029b4bfb50795"},
    {file = "coverage-6.5.0-cp311-cp311-manylinux_2_17_aarch64.manylinux2014_aarch64.whl", hash = "sha256:c4ed2820d919351f4167e52425e096af41bfabacb1857186c1ea32ff9983ed75"},
    {file = "coverage-6.5.0-cp311-cp311-manylinux_2_5_i686.manylinux1_i686.manylinux_2_17_i686.manylinux2014_i686.whl", hash = "sha256:33a7da4376d5977fbf0a8ed91c4dffaaa8dbf0ddbf4c8eea500a2486d8bc4d7b"},
    {file = "coverage-6.5.0-cp311-cp311-manylinux_2_5_x86_64.manylinux1_x86_64.manylinux_2_17_x86_64.manylinux2014_x86_64.whl", hash = "sha256:a8fb6cf131ac4070c9c5a3e21de0f7dc5a0fbe8bc77c9456ced896c12fcdad91"},
    {file = "coverage-6.5.0-cp311-cp311-musllinux_1_1_aarch64.whl", hash = "sha256:a6b7d95969b8845250586f269e81e5dfdd8ff828ddeb8567a4a2eaa7313460c4"},
    {file = "coverage-6.5.0-cp311-cp311-musllinux_1_1_i686.whl", hash = "sha256:1ef221513e6f68b69ee9e159506d583d31aa3567e0ae84eaad9d6ec1107dddaa"},
    {file = "coverage-6.5.0-cp311-cp311-musllinux_1_1_x86_64.whl", hash = "sha256:cca4435eebea7962a52bdb216dec27215d0df64cf27fc1dd538415f5d2b9da6b"},
    {file = "coverage-6.5.0-cp311-cp311-win32.whl", hash = "sha256:98e8a10b7a314f454d9eff4216a9a94d143a7ee65018dd12442e898ee2310578"},
    {file = "coverage-6.5.0-cp311-cp311-win_amd64.whl", hash = "sha256:bc8ef5e043a2af066fa8cbfc6e708d58017024dc4345a1f9757b329a249f041b"},
    {file = "coverage-6.5.0-cp37-cp37m-macosx_10_9_x86_64.whl", hash = "sha256:4433b90fae13f86fafff0b326453dd42fc9a639a0d9e4eec4d366436d1a41b6d"},
    {file = "coverage-6.5.0-cp37-cp37m-manylinux_2_17_aarch64.manylinux2014_aarch64.whl", hash = "sha256:f4f05d88d9a80ad3cac6244d36dd89a3c00abc16371769f1340101d3cb899fc3"},
    {file = "coverage-6.5.0-cp37-cp37m-manylinux_2_5_i686.manylinux1_i686.manylinux_2_17_i686.manylinux2014_i686.whl", hash = "sha256:94e2565443291bd778421856bc975d351738963071e9b8839ca1fc08b42d4bef"},
    {file = "coverage-6.5.0-cp37-cp37m-manylinux_2_5_x86_64.manylinux1_x86_64.manylinux_2_17_x86_64.manylinux2014_x86_64.whl", hash = "sha256:027018943386e7b942fa832372ebc120155fd970837489896099f5cfa2890f79"},
    {file = "coverage-6.5.0-cp37-cp37m-musllinux_1_1_aarch64.whl", hash = "sha256:255758a1e3b61db372ec2736c8e2a1fdfaf563977eedbdf131de003ca5779b7d"},
    {file = "coverage-6.5.0-cp37-cp37m-musllinux_1_1_i686.whl", hash = "sha256:851cf4ff24062c6aec510a454b2584f6e998cada52d4cb58c5e233d07172e50c"},
    {file = "coverage-6.5.0-cp37-cp37m-musllinux_1_1_x86_64.whl", hash = "sha256:12adf310e4aafddc58afdb04d686795f33f4d7a6fa67a7a9d4ce7d6ae24d949f"},
    {file = "coverage-6.5.0-cp37-cp37m-win32.whl", hash = "sha256:b5604380f3415ba69de87a289a2b56687faa4fe04dbee0754bfcae433489316b"},
    {file = "coverage-6.5.0-cp37-cp37m-win_amd64.whl", hash = "sha256:4a8dbc1f0fbb2ae3de73eb0bdbb914180c7abfbf258e90b311dcd4f585d44bd2"},
    {file = "coverage-6.5.0-cp38-cp38-macosx_10_9_x86_64.whl", hash = "sha256:d900bb429fdfd7f511f868cedd03a6bbb142f3f9118c09b99ef8dc9bf9643c3c"},
    {file = "coverage-6.5.0-cp38-cp38-macosx_11_0_arm64.whl", hash = "sha256:2198ea6fc548de52adc826f62cb18554caedfb1d26548c1b7c88d8f7faa8f6ba"},
    {file = "coverage-6.5.0-cp38-cp38-manylinux_2_17_aarch64.manylinux2014_aarch64.whl", hash = "sha256:6c4459b3de97b75e3bd6b7d4b7f0db13f17f504f3d13e2a7c623786289dd670e"},
    {file = "coverage-6.5.0-cp38-cp38-manylinux_2_5_i686.manylinux1_i686.manylinux_2_17_i686.manylinux2014_i686.whl", hash = "sha256:20c8ac5386253717e5ccc827caad43ed66fea0efe255727b1053a8154d952398"},
    {file = "coverage-6.5.0-cp38-cp38-manylinux_2_5_x86_64.manylinux1_x86_64.manylinux_2_17_x86_64.manylinux2014_x86_64.whl", hash = "sha256:6b07130585d54fe8dff3d97b93b0e20290de974dc8177c320aeaf23459219c0b"},
    {file = "coverage-6.5.0-cp38-cp38-musllinux_1_1_aarch64.whl", hash = "sha256:dbdb91cd8c048c2b09eb17713b0c12a54fbd587d79adcebad543bc0cd9a3410b"},
    {file = "coverage-6.5.0-cp38-cp38-musllinux_1_1_i686.whl", hash = "sha256:de3001a203182842a4630e7b8d1a2c7c07ec1b45d3084a83d5d227a3806f530f"},
    {file = "coverage-6.5.0-cp38-cp38-musllinux_1_1_x86_64.whl", hash = "sha256:e07f4a4a9b41583d6eabec04f8b68076ab3cd44c20bd29332c6572dda36f372e"},
    {file = "coverage-6.5.0-cp38-cp38-win32.whl", hash = "sha256:6d4817234349a80dbf03640cec6109cd90cba068330703fa65ddf56b60223a6d"},
    {file = "coverage-6.5.0-cp38-cp38-win_amd64.whl", hash = "sha256:7ccf362abd726b0410bf8911c31fbf97f09f8f1061f8c1cf03dfc4b6372848f6"},
    {file = "coverage-6.5.0-cp39-cp39-macosx_10_9_x86_64.whl", hash = "sha256:633713d70ad6bfc49b34ead4060531658dc6dfc9b3eb7d8a716d5873377ab745"},
    {file = "coverage-6.5.0-cp39-cp39-macosx_11_0_arm64.whl", hash = "sha256:95203854f974e07af96358c0b261f1048d8e1083f2de9b1c565e1be4a3a48cfc"},
    {file = "coverage-6.5.0-cp39-cp39-manylinux_2_17_aarch64.manylinux2014_aarch64.whl", hash = "sha256:b9023e237f4c02ff739581ef35969c3739445fb059b060ca51771e69101efffe"},
    {file = "coverage-6.5.0-cp39-cp39-manylinux_2_5_i686.manylinux1_i686.manylinux_2_17_i686.manylinux2014_i686.whl", hash = "sha256:265de0fa6778d07de30bcf4d9dc471c3dc4314a23a3c6603d356a3c9abc2dfcf"},
    {file = "coverage-6.5.0-cp39-cp39-manylinux_2_5_x86_64.manylinux1_x86_64.manylinux_2_17_x86_64.manylinux2014_x86_64.whl", hash = "sha256:8f830ed581b45b82451a40faabb89c84e1a998124ee4212d440e9c6cf70083e5"},
    {file = "coverage-6.5.0-cp39-cp39-musllinux_1_1_aarch64.whl", hash = "sha256:7b6be138d61e458e18d8e6ddcddd36dd96215edfe5f1168de0b1b32635839b62"},
    {file = "coverage-6.5.0-cp39-cp39-musllinux_1_1_i686.whl", hash = "sha256:42eafe6778551cf006a7c43153af1211c3aaab658d4d66fa5fcc021613d02518"},
    {file = "coverage-6.5.0-cp39-cp39-musllinux_1_1_x86_64.whl", hash = "sha256:723e8130d4ecc8f56e9a611e73b31219595baa3bb252d539206f7bbbab6ffc1f"},
    {file = "coverage-6.5.0-cp39-cp39-win32.whl", hash = "sha256:d9ecf0829c6a62b9b573c7bb6d4dcd6ba8b6f80be9ba4fc7ed50bf4ac9aecd72"},
    {file = "coverage-6.5.0-cp39-cp39-win_amd64.whl", hash = "sha256:fc2af30ed0d5ae0b1abdb4ebdce598eafd5b35397d4d75deb341a614d333d987"},
    {file = "coverage-6.5.0-pp36.pp37.pp38-none-any.whl", hash = "sha256:1431986dac3923c5945271f169f59c45b8802a114c8f548d611f2015133df77a"},
    {file = "coverage-6.5.0.tar.gz", hash = "sha256:f642e90754ee3e06b0e7e51bce3379590e76b7f76b708e1a71ff043f87025c84"},
]

[package.extras]
toml = ["tomli"]

[[package]]
name = "dj-database-url"
version = "0.5.0"
description = "Use Database URLs in your Django Application."
optional = false
python-versions = "*"
files = [
    {file = "dj-database-url-0.5.0.tar.gz", hash = "sha256:4aeaeb1f573c74835b0686a2b46b85990571159ffc21aa57ecd4d1e1cb334163"},
    {file = "dj_database_url-0.5.0-py2.py3-none-any.whl", hash = "sha256:851785365761ebe4994a921b433062309eb882fedd318e1b0fcecc607ed02da9"},
]

[[package]]
name = "django"
version = "3.2.14"
description = "A high-level Python Web framework that encourages rapid development and clean, pragmatic design."
optional = false
python-versions = ">=3.6"
files = [
    {file = "Django-3.2.14-py3-none-any.whl", hash = "sha256:a8681e098fa60f7c33a4b628d6fcd3fe983a0939ff1301ecacac21d0b38bad56"},
    {file = "Django-3.2.14.tar.gz", hash = "sha256:677182ba8b5b285a4e072f3ac17ceee6aff1b5ce77fd173cc5b6a2d3dc022fcf"},
]

[package.dependencies]
asgiref = ">=3.3.2,<4"
pytz = "*"
sqlparse = ">=0.2.2"

[package.extras]
argon2 = ["argon2-cffi (>=19.1.0)"]
bcrypt = ["bcrypt"]

[[package]]
name = "django-appconf"
version = "1.0.5"
description = "A helper class for handling configuration defaults of packaged apps gracefully."
optional = false
python-versions = ">=3.6"
files = [
    {file = "django-appconf-1.0.5.tar.gz", hash = "sha256:be3db0be6c81fa84742000b89a81c016d70ae66a7ccb620cdef592b1f1a6aaa4"},
    {file = "django_appconf-1.0.5-py3-none-any.whl", hash = "sha256:ae9f864ee1958c815a965ed63b3fba4874eec13de10236ba063a788f9a17389d"},
]

[package.dependencies]
django = "*"

[[package]]
name = "django-auditlog"
version = "2.1.0"
description = "Audit log app for Django"
optional = false
python-versions = "*"
files = [
    {file = "django-auditlog-2.1.0.tar.gz", hash = "sha256:3bff445d5c3fd827c7ce46d838d34de712301311a3d40bb354e84f66c1b25fcc"},
    {file = "django_auditlog-2.1.0-py3-none-any.whl", hash = "sha256:1fb0d8961badaabf354cb074a56c0cdd236d3733b43a3be4d865e5b6e7ff6788"},
]

[package.dependencies]
python-dateutil = ">=2.6.0"

[[package]]
name = "django-bootstrap-pagination"
version = "1.7.1"
description = "Render Django Page objects as Bootstrap 3.x/4.x Pagination compatible HTML"
optional = false
python-versions = "*"
files = [
    {file = "django-bootstrap-pagination-1.7.1.tar.gz", hash = "sha256:69d826d92217325611cb86e49944d8261e3c92eaa4deafea5a605d79fd363883"},
    {file = "django_bootstrap_pagination-1.7.1-py3-none-any.whl", hash = "sha256:47e742679cf109e12f10ae09d5263433f94440818cf7b023e90a3f5252849639"},
]

[[package]]
name = "django-bootstrap4"
version = "22.1"
description = "Bootstrap 4 for Django"
optional = false
python-versions = ">=3.7"
files = [
    {file = "django-bootstrap4-22.1.tar.gz", hash = "sha256:fc9984f7238fbcd330ec5111bf0435083caa7192b022eedd53bfa4128bee318f"},
    {file = "django_bootstrap4-22.1-py3-none-any.whl", hash = "sha256:b6da4cb54682012ff8baa1a1e672ba30cbfae82fb3d74f4b341109074e8e239f"},
]

[package.dependencies]
beautifulsoup4 = ">=4.8.0"
Django = ">=2.2"

[[package]]
name = "django-compressor"
version = "4.0"
description = "Compresses linked and inline JavaScript or CSS into single cached files."
optional = false
python-versions = "*"
files = [
    {file = "django_compressor-4.0-py2.py3-none-any.whl", hash = "sha256:b4fe15cc23bf39420b37cb0030572bd0971104ca1ec3764f502c0f179e576dff"},
    {file = "django_compressor-4.0.tar.gz", hash = "sha256:1db91b6d04293636a68bd1328dc7bb90d636b0295f67b1cc6d4fa102b9fd25f6"},
]

[package.dependencies]
django-appconf = ">=1.0.3"
rcssmin = "1.1.0"
rjsmin = "1.2.0"

[[package]]
name = "django-compressor-toolkit"
version = "0.6.0"
description = "Set of add-ons for django-compressor"
optional = false
python-versions = "*"
files = [
    {file = "django-compressor-toolkit-0.6.0.tar.gz", hash = "sha256:c0640559512f8a8a693fc7a374ca5a8fbca84c0ee0b90268e979d04a2f6bb694"},
]

[package.dependencies]
django-compressor = ">=1.5"

[package.extras]
test = ["django (>=1.8,<2.0)", "pytest (>=3.0,<4.0)", "pytest-cov (>=2.4,<3.0)", "pytest-django (>=3.0,<4.0)", "pytest-pythonpath (>=0.7,<1.0)"]

[[package]]
name = "django-crispy-forms"
version = "1.14.0"
description = "Best way to have Django DRY forms"
optional = false
python-versions = ">=3.7"
files = [
    {file = "django-crispy-forms-1.14.0.tar.gz", hash = "sha256:35887b8851a931374dd697207a8f56c57a9c5cb9dbf0b9fa54314da5666cea5b"},
    {file = "django_crispy_forms-1.14.0-py3-none-any.whl", hash = "sha256:bc4d2037f6de602d39c0bc452ac3029d1f5d65e88458872cc4dbc01c3a400604"},
]

[[package]]
name = "django-filter"
version = "22.1"
description = "Django-filter is a reusable Django application for allowing users to filter querysets dynamically."
optional = false
python-versions = ">=3.7"
files = [
    {file = "django-filter-22.1.tar.gz", hash = "sha256:ed473b76e84f7e83b2511bb2050c3efb36d135207d0128dfe3ae4b36e3594ba5"},
    {file = "django_filter-22.1-py3-none-any.whl", hash = "sha256:ed429e34760127e3520a67f415bec4c905d4649fbe45d0d6da37e6ff5e0287eb"},
]

[package.dependencies]
Django = ">=3.2"

[[package]]
name = "django-jsonfield"
version = "1.4.1"
description = "JSONField for django models"
optional = false
python-versions = "*"
files = [
    {file = "django-jsonfield-1.4.1.tar.gz", hash = "sha256:f789a0ea1f80b48aff7d6c36dd356ce125dbf1b7cd97a82d315607ac758f50ff"},
    {file = "django_jsonfield-1.4.1-py2.py3-none-any.whl", hash = "sha256:ccb2fe623e1bf7799e49c593b0a89a85084ef8d3debbf26d92a54e27b5305d72"},
]

[package.dependencies]
Django = ">=1.11"
six = "*"

[[package]]
name = "django-multi-email-field"
version = "0.6.2"
description = "Provides a model field and a form field to manage list of e-mails"
optional = false
python-versions = "*"
files = [
    {file = "django-multi-email-field-0.6.2.tar.gz", hash = "sha256:7c623c851604a3ac6a5221ccc448f4e28fcd01c498b1acf58357ef30bb84f879"},
    {file = "django_multi_email_field-0.6.2-py3-none-any.whl", hash = "sha256:1fd1c2d20ccee9cae7a68ad2ea69185f3132d96d02ec83e6d54cee535c43f093"},
]

[package.dependencies]
Django = "*"

[[package]]
name = "django-tables2"
version = "2.4.1"
description = "Table/data-grid framework for Django"
optional = false
python-versions = "*"
files = [
    {file = "django-tables2-2.4.1.tar.gz", hash = "sha256:6c72dd208358539e789e4c0efd7d151e43283a4aa4093a35f44c43489e7ddeaa"},
    {file = "django_tables2-2.4.1-py2.py3-none-any.whl", hash = "sha256:50762bf3d7c61a4eb70e763c3e278650d7266bb78d0497fc8fafcf4e507c9a64"},
]

[package.dependencies]
Django = ">=1.11"

[package.extras]
tablib = ["tablib"]

[[package]]
name = "gunicorn"
version = "20.1.0"
description = "WSGI HTTP Server for UNIX"
optional = false
python-versions = ">=3.5"
files = [
    {file = "gunicorn-20.1.0-py3-none-any.whl", hash = "sha256:9dcc4547dbb1cb284accfb15ab5667a0e5d1881cc443e0677b4882a4067a807e"},
    {file = "gunicorn-20.1.0.tar.gz", hash = "sha256:e0a968b5ba15f8a328fdfd7ab1fcb5af4470c28aaf7e55df02a99bc13138e6e8"},
]

[package.dependencies]
setuptools = ">=3.0"

[package.extras]
eventlet = ["eventlet (>=0.24.1)"]
gevent = ["gevent (>=1.4.0)"]
setproctitle = ["setproctitle"]
tornado = ["tornado (>=0.2)"]

[[package]]
name = "kml2geojson"
version = "5.1.0"
description = "A Python library to covert KML files to GeoJSON files"
optional = false
python-versions = ">=3.8,<4.0"
files = [
    {file = "kml2geojson-5.1.0-py3-none-any.whl", hash = "sha256:1fc3096a6feb3728e97521db30f4c55982f3f7ad299892687a41b1b5528f55df"},
    {file = "kml2geojson-5.1.0.tar.gz", hash = "sha256:76a69f598e55d2eff90332e87ee9480c36120f60e6f5d6b5aaeba63ce92a3dfa"},
]

[package.dependencies]
click = ">=8.0.1"

[[package]]
name = "mysqlclient"
version = "2.1.0"
description = "Python interface to MySQL"
optional = false
python-versions = ">=3.5"
files = [
    {file = "mysqlclient-2.1.0-cp310-cp310-win_amd64.whl", hash = "sha256:02c8826e6add9b20f4cb12dcf016485f7b1d6e30356a1204d05431867a1b3947"},
    {file = "mysqlclient-2.1.0-cp37-cp37m-win_amd64.whl", hash = "sha256:b62d23c11c516cedb887377c8807628c1c65d57593b57853186a6ee18b0c6a5b"},
    {file = "mysqlclient-2.1.0-cp38-cp38-win_amd64.whl", hash = "sha256:2c8410f54492a3d2488a6a53e2d85b7e016751a1e7d116e7aea9c763f59f5e8c"},
    {file = "mysqlclient-2.1.0-cp39-cp39-win_amd64.whl", hash = "sha256:e6279263d5a9feca3e0edbc2b2a52c057375bf301d47da2089c075ff76331d14"},
    {file = "mysqlclient-2.1.0.tar.gz", hash = "sha256:973235686f1b720536d417bf0a0d39b4ab3d5086b2b6ad5e6752393428c02b12"},
]

[[package]]
name = "pillow"
version = "9.2.0"
description = "Python Imaging Library (Fork)"
optional = false
python-versions = ">=3.7"
files = [
    {file = "Pillow-9.2.0-cp310-cp310-macosx_10_10_x86_64.whl", hash = "sha256:a9c9bc489f8ab30906d7a85afac4b4944a572a7432e00698a7239f44a44e6efb"},
    {file = "Pillow-9.2.0-cp310-cp310-macosx_11_0_arm64.whl", hash = "sha256:510cef4a3f401c246cfd8227b300828715dd055463cdca6176c2e4036df8bd4f"},
    {file = "Pillow-9.2.0-cp310-cp310-manylinux_2_17_aarch64.manylinux2014_aarch64.whl", hash = "sha256:7888310f6214f19ab2b6df90f3f06afa3df7ef7355fc025e78a3044737fab1f5"},
    {file = "Pillow-9.2.0-cp310-cp310-manylinux_2_17_i686.manylinux2014_i686.whl", hash = "sha256:831e648102c82f152e14c1a0938689dbb22480c548c8d4b8b248b3e50967b88c"},
    {file = "Pillow-9.2.0-cp310-cp310-manylinux_2_17_x86_64.manylinux2014_x86_64.whl", hash = "sha256:1cc1d2451e8a3b4bfdb9caf745b58e6c7a77d2e469159b0d527a4554d73694d1"},
    {file = "Pillow-9.2.0-cp310-cp310-manylinux_2_28_aarch64.whl", hash = "sha256:136659638f61a251e8ed3b331fc6ccd124590eeff539de57c5f80ef3a9594e58"},
    {file = "Pillow-9.2.0-cp310-cp310-manylinux_2_28_x86_64.whl", hash = "sha256:6e8c66f70fb539301e064f6478d7453e820d8a2c631da948a23384865cd95544"},
    {file = "Pillow-9.2.0-cp310-cp310-musllinux_1_1_x86_64.whl", hash = "sha256:37ff6b522a26d0538b753f0b4e8e164fdada12db6c6f00f62145d732d8a3152e"},
    {file = "Pillow-9.2.0-cp310-cp310-win32.whl", hash = "sha256:c79698d4cd9318d9481d89a77e2d3fcaeff5486be641e60a4b49f3d2ecca4e28"},
    {file = "Pillow-9.2.0-cp310-cp310-win_amd64.whl", hash = "sha256:254164c57bab4b459f14c64e93df11eff5ded575192c294a0c49270f22c5d93d"},
    {file = "Pillow-9.2.0-cp311-cp311-macosx_10_10_x86_64.whl", hash = "sha256:adabc0bce035467fb537ef3e5e74f2847c8af217ee0be0455d4fec8adc0462fc"},
    {file = "Pillow-9.2.0-cp311-cp311-macosx_11_0_arm64.whl", hash = "sha256:336b9036127eab855beec9662ac3ea13a4544a523ae273cbf108b228ecac8437"},
    {file = "Pillow-9.2.0-cp311-cp311-manylinux_2_17_aarch64.manylinux2014_aarch64.whl", hash = "sha256:50dff9cc21826d2977ef2d2a205504034e3a4563ca6f5db739b0d1026658e004"},
    {file = "Pillow-9.2.0-cp311-cp311-manylinux_2_17_i686.manylinux2014_i686.whl", hash = "sha256:cb6259196a589123d755380b65127ddc60f4c64b21fc3bb46ce3a6ea663659b0"},
    {file = "Pillow-9.2.0-cp311-cp311-manylinux_2_17_x86_64.manylinux2014_x86_64.whl", hash = "sha256:7b0554af24df2bf96618dac71ddada02420f946be943b181108cac55a7a2dcd4"},
    {file = "Pillow-9.2.0-cp311-cp311-manylinux_2_28_aarch64.whl", hash = "sha256:15928f824870535c85dbf949c09d6ae7d3d6ac2d6efec80f3227f73eefba741c"},
    {file = "Pillow-9.2.0-cp311-cp311-manylinux_2_28_x86_64.whl", hash = "sha256:bdd0de2d64688ecae88dd8935012c4a72681e5df632af903a1dca8c5e7aa871a"},
    {file = "Pillow-9.2.0-cp311-cp311-musllinux_1_1_x86_64.whl", hash = "sha256:d5b87da55a08acb586bad5c3aa3b86505f559b84f39035b233d5bf844b0834b1"},
    {file = "Pillow-9.2.0-cp311-cp311-win32.whl", hash = "sha256:b6d5e92df2b77665e07ddb2e4dbd6d644b78e4c0d2e9272a852627cdba0d75cf"},
    {file = "Pillow-9.2.0-cp311-cp311-win_amd64.whl", hash = "sha256:6bf088c1ce160f50ea40764f825ec9b72ed9da25346216b91361eef8ad1b8f8c"},
    {file = "Pillow-9.2.0-cp37-cp37m-macosx_10_10_x86_64.whl", hash = "sha256:2c58b24e3a63efd22554c676d81b0e57f80e0a7d3a5874a7e14ce90ec40d3069"},
    {file = "Pillow-9.2.0-cp37-cp37m-manylinux_2_17_aarch64.manylinux2014_aarch64.whl", hash = "sha256:eef7592281f7c174d3d6cbfbb7ee5984a671fcd77e3fc78e973d492e9bf0eb3f"},
    {file = "Pillow-9.2.0-cp37-cp37m-manylinux_2_17_i686.manylinux2014_i686.whl", hash = "sha256:dcd7b9c7139dc8258d164b55696ecd16c04607f1cc33ba7af86613881ffe4ac8"},
    {file = "Pillow-9.2.0-cp37-cp37m-manylinux_2_17_x86_64.manylinux2014_x86_64.whl", hash = "sha256:a138441e95562b3c078746a22f8fca8ff1c22c014f856278bdbdd89ca36cff1b"},
    {file = "Pillow-9.2.0-cp37-cp37m-manylinux_2_28_aarch64.whl", hash = "sha256:93689632949aff41199090eff5474f3990b6823404e45d66a5d44304e9cdc467"},
    {file = "Pillow-9.2.0-cp37-cp37m-manylinux_2_28_x86_64.whl", hash = "sha256:f3fac744f9b540148fa7715a435d2283b71f68bfb6d4aae24482a890aed18b59"},
    {file = "Pillow-9.2.0-cp37-cp37m-win32.whl", hash = "sha256:fa768eff5f9f958270b081bb33581b4b569faabf8774726b283edb06617101dc"},
    {file = "Pillow-9.2.0-cp37-cp37m-win_amd64.whl", hash = "sha256:69bd1a15d7ba3694631e00df8de65a8cb031911ca11f44929c97fe05eb9b6c1d"},
    {file = "Pillow-9.2.0-cp38-cp38-macosx_10_10_x86_64.whl", hash = "sha256:030e3460861488e249731c3e7ab59b07c7853838ff3b8e16aac9561bb345da14"},
    {file = "Pillow-9.2.0-cp38-cp38-macosx_11_0_arm64.whl", hash = "sha256:74a04183e6e64930b667d321524e3c5361094bb4af9083db5c301db64cd341f3"},
    {file = "Pillow-9.2.0-cp38-cp38-manylinux_2_17_aarch64.manylinux2014_aarch64.whl", hash = "sha256:2d33a11f601213dcd5718109c09a52c2a1c893e7461f0be2d6febc2879ec2402"},
    {file = "Pillow-9.2.0-cp38-cp38-manylinux_2_17_i686.manylinux2014_i686.whl", hash = "sha256:1fd6f5e3c0e4697fa7eb45b6e93996299f3feee73a3175fa451f49a74d092b9f"},
    {file = "Pillow-9.2.0-cp38-cp38-manylinux_2_17_x86_64.manylinux2014_x86_64.whl", hash = "sha256:a647c0d4478b995c5e54615a2e5360ccedd2f85e70ab57fbe817ca613d5e63b8"},
    {file = "Pillow-9.2.0-cp38-cp38-manylinux_2_28_aarch64.whl", hash = "sha256:4134d3f1ba5f15027ff5c04296f13328fecd46921424084516bdb1b2548e66ff"},
    {file = "Pillow-9.2.0-cp38-cp38-manylinux_2_28_x86_64.whl", hash = "sha256:bc431b065722a5ad1dfb4df354fb9333b7a582a5ee39a90e6ffff688d72f27a1"},
    {file = "Pillow-9.2.0-cp38-cp38-musllinux_1_1_x86_64.whl", hash = "sha256:1536ad017a9f789430fb6b8be8bf99d2f214c76502becc196c6f2d9a75b01b76"},
    {file = "Pillow-9.2.0-cp38-cp38-win32.whl", hash = "sha256:2ad0d4df0f5ef2247e27fc790d5c9b5a0af8ade9ba340db4a73bb1a4a3e5fb4f"},
    {file = "Pillow-9.2.0-cp38-cp38-win_amd64.whl", hash = "sha256:ec52c351b35ca269cb1f8069d610fc45c5bd38c3e91f9ab4cbbf0aebc136d9c8"},
    {file = "Pillow-9.2.0-cp39-cp39-macosx_10_10_x86_64.whl", hash = "sha256:0ed2c4ef2451de908c90436d6e8092e13a43992f1860275b4d8082667fbb2ffc"},
    {file = "Pillow-9.2.0-cp39-cp39-macosx_11_0_arm64.whl", hash = "sha256:4ad2f835e0ad81d1689f1b7e3fbac7b01bb8777d5a985c8962bedee0cc6d43da"},
    {file = "Pillow-9.2.0-cp39-cp39-manylinux_2_17_aarch64.manylinux2014_aarch64.whl", hash = "sha256:ea98f633d45f7e815db648fd7ff0f19e328302ac36427343e4432c84432e7ff4"},
    {file = "Pillow-9.2.0-cp39-cp39-manylinux_2_17_i686.manylinux2014_i686.whl", hash = "sha256:7761afe0126d046974a01e030ae7529ed0ca6a196de3ec6937c11df0df1bc91c"},
    {file = "Pillow-9.2.0-cp39-cp39-manylinux_2_17_x86_64.manylinux2014_x86_64.whl", hash = "sha256:9a54614049a18a2d6fe156e68e188da02a046a4a93cf24f373bffd977e943421"},
    {file = "Pillow-9.2.0-cp39-cp39-manylinux_2_28_aarch64.whl", hash = "sha256:5aed7dde98403cd91d86a1115c78d8145c83078e864c1de1064f52e6feb61b20"},
    {file = "Pillow-9.2.0-cp39-cp39-manylinux_2_28_x86_64.whl", hash = "sha256:13b725463f32df1bfeacbf3dd197fb358ae8ebcd8c5548faa75126ea425ccb60"},
    {file = "Pillow-9.2.0-cp39-cp39-musllinux_1_1_x86_64.whl", hash = "sha256:808add66ea764ed97d44dda1ac4f2cfec4c1867d9efb16a33d158be79f32b8a4"},
    {file = "Pillow-9.2.0-cp39-cp39-win32.whl", hash = "sha256:337a74fd2f291c607d220c793a8135273c4c2ab001b03e601c36766005f36885"},
    {file = "Pillow-9.2.0-cp39-cp39-win_amd64.whl", hash = "sha256:fac2d65901fb0fdf20363fbd345c01958a742f2dc62a8dd4495af66e3ff502a4"},
    {file = "Pillow-9.2.0-pp37-pypy37_pp73-macosx_10_10_x86_64.whl", hash = "sha256:ad2277b185ebce47a63f4dc6302e30f05762b688f8dc3de55dbae4651872cdf3"},
    {file = "Pillow-9.2.0-pp37-pypy37_pp73-manylinux_2_17_i686.manylinux2014_i686.whl", hash = "sha256:7c7b502bc34f6e32ba022b4a209638f9e097d7a9098104ae420eb8186217ebbb"},
    {file = "Pillow-9.2.0-pp37-pypy37_pp73-manylinux_2_17_x86_64.manylinux2014_x86_64.whl", hash = "sha256:3d1f14f5f691f55e1b47f824ca4fdcb4b19b4323fe43cc7bb105988cad7496be"},
    {file = "Pillow-9.2.0-pp37-pypy37_pp73-manylinux_2_28_x86_64.whl", hash = "sha256:dfe4c1fedfde4e2fbc009d5ad420647f7730d719786388b7de0999bf32c0d9fd"},
    {file = "Pillow-9.2.0-pp38-pypy38_pp73-macosx_10_10_x86_64.whl", hash = "sha256:f07f1f00e22b231dd3d9b9208692042e29792d6bd4f6639415d2f23158a80013"},
    {file = "Pillow-9.2.0-pp38-pypy38_pp73-manylinux_2_17_i686.manylinux2014_i686.whl", hash = "sha256:1802f34298f5ba11d55e5bb09c31997dc0c6aed919658dfdf0198a2fe75d5490"},
    {file = "Pillow-9.2.0-pp38-pypy38_pp73-manylinux_2_17_x86_64.manylinux2014_x86_64.whl", hash = "sha256:17d4cafe22f050b46d983b71c707162d63d796a1235cdf8b9d7a112e97b15bac"},
    {file = "Pillow-9.2.0-pp38-pypy38_pp73-manylinux_2_28_x86_64.whl", hash = "sha256:96b5e6874431df16aee0c1ba237574cb6dff1dcb173798faa6a9d8b399a05d0e"},
    {file = "Pillow-9.2.0-pp38-pypy38_pp73-win_amd64.whl", hash = "sha256:0030fdbd926fb85844b8b92e2f9449ba89607231d3dd597a21ae72dc7fe26927"},
    {file = "Pillow-9.2.0.tar.gz", hash = "sha256:75e636fd3e0fb872693f23ccb8a5ff2cd578801251f3a4f6854c6a5d437d3c04"},
]

[package.extras]
docs = ["furo", "olefile", "sphinx (>=2.4)", "sphinx-copybutton", "sphinx-issues (>=3.0.1)", "sphinx-removed-in", "sphinxext-opengraph"]
tests = ["check-manifest", "coverage", "defusedxml", "markdown2", "olefile", "packaging", "pyroma", "pytest", "pytest-cov", "pytest-timeout"]

[[package]]
name = "pycodestyle"
version = "2.8.0"
description = "Python style guide checker"
optional = false
python-versions = ">=2.7, !=3.0.*, !=3.1.*, !=3.2.*, !=3.3.*, !=3.4.*"
files = [
    {file = "pycodestyle-2.8.0-py2.py3-none-any.whl", hash = "sha256:720f8b39dde8b293825e7ff02c475f3077124006db4f440dcbc9a20b76548a20"},
    {file = "pycodestyle-2.8.0.tar.gz", hash = "sha256:eddd5847ef438ea1c7870ca7eb78a9d47ce0cdb4851a5523949f2601d0cbbe7f"},
]

[[package]]
name = "python-dateutil"
version = "2.8.2"
description = "Extensions to the standard Python datetime module"
optional = false
python-versions = "!=3.0.*,!=3.1.*,!=3.2.*,>=2.7"
files = [
    {file = "python-dateutil-2.8.2.tar.gz", hash = "sha256:0123cacc1627ae19ddf3c27a5de5bd67ee4586fbdd6440d9748f8abb483d3e86"},
    {file = "python_dateutil-2.8.2-py2.py3-none-any.whl", hash = "sha256:961d03dc3453ebbc59dbdea9e4e11c5651520a876d0f4db161e8674aae935da9"},
]

[package.dependencies]
six = ">=1.5"

[[package]]
name = "python-decouple"
version = "3.6"
description = "Strict separation of settings from code."
optional = false
python-versions = "*"
files = [
    {file = "python-decouple-3.6.tar.gz", hash = "sha256:2838cdf77a5cf127d7e8b339ce14c25bceb3af3e674e039d4901ba16359968c7"},
    {file = "python_decouple-3.6-py3-none-any.whl", hash = "sha256:6cf502dc963a5c642ea5ead069847df3d916a6420cad5599185de6bab11d8c2e"},
]

[[package]]
name = "pytz"
version = "2022.1"
description = "World timezone definitions, modern and historical"
optional = false
python-versions = "*"
files = [
    {file = "pytz-2022.1-py2.py3-none-any.whl", hash = "sha256:e68985985296d9a66a881eb3193b0906246245294a881e7c8afe623866ac6a5c"},
    {file = "pytz-2022.1.tar.gz", hash = "sha256:1e760e2fe6a8163bc0b3d9a19c4f84342afa0a2affebfaa84b01b978a02ecaa7"},
]

[[package]]
name = "rcssmin"
version = "1.1.0"
description = "CSS Minifier"
optional = false
python-versions = "*"
files = [
    {file = "rcssmin-1.1.0-cp27-cp27m-manylinux1_i686.whl", hash = "sha256:2211a5c91ea14a5937b57904c9121f8bfef20987825e55368143da7d25446e3b"},
    {file = "rcssmin-1.1.0-cp27-cp27m-manylinux1_x86_64.whl", hash = "sha256:7085d1b51dd2556f3aae03947380f6e9e1da29fb1eeadfa6766b7f105c54c9ff"},
    {file = "rcssmin-1.1.0-cp27-cp27mu-manylinux1_i686.whl", hash = "sha256:1512223b6a687bb747e4e531187bd49a56ed71287e7ead9529cbaa1ca4718a0a"},
    {file = "rcssmin-1.1.0-cp27-cp27mu-manylinux1_x86_64.whl", hash = "sha256:6158d0d86cd611c5304d738dc3d6cfeb23864dd78ad0d83a633f443696ac5d77"},
    {file = "rcssmin-1.1.0-cp310-cp310-manylinux1_i686.whl", hash = "sha256:0a6aae7e119509445bf7aa6da6ca0f285cc198273c20f470ad999ff83bbadcf9"},
    {file = "rcssmin-1.1.0-cp310-cp310-manylinux1_x86_64.whl", hash = "sha256:506e33ab4c47051f7deae35b6d8dbb4a5c025f016e90a830929a1ecc7daa1682"},
    {file = "rcssmin-1.1.0-cp310-cp310-manylinux2014_aarch64.whl", hash = "sha256:352dd3a78eb914bb1cb269ac2b66b3154f2490a52ab605558c681de3fb5194d2"},
    {file = "rcssmin-1.1.0-cp36-cp36m-manylinux1_i686.whl", hash = "sha256:30f5522285065cae0164d20068377d84b5d10b414156115f8729b034d0ea5e8b"},
    {file = "rcssmin-1.1.0-cp36-cp36m-manylinux1_x86_64.whl", hash = "sha256:49807735f26f59404194f1e6f93254b6d5b6f7748c2a954f4470a86a40ff4c13"},
    {file = "rcssmin-1.1.0-cp36-cp36m-manylinux2014_aarch64.whl", hash = "sha256:f1a37bbd36b050813673e62ae6464467548628690bf4d48a938170e121e8616e"},
    {file = "rcssmin-1.1.0-cp37-cp37m-manylinux1_i686.whl", hash = "sha256:ddff3a41611664c7f1d9e3d8a9c1669e0e155ac0458e586ffa834dc5953e7d9f"},
    {file = "rcssmin-1.1.0-cp37-cp37m-manylinux1_x86_64.whl", hash = "sha256:8b659a88850e772c84cfac4520ec223de6807875e173d8ef3248ab7f90876066"},
    {file = "rcssmin-1.1.0-cp37-cp37m-manylinux2014_aarch64.whl", hash = "sha256:1d7c2719d014e4e4df4e33b75ae8067c7e246cf470eaec8585e06e2efac7586c"},
    {file = "rcssmin-1.1.0-cp38-cp38-manylinux1_i686.whl", hash = "sha256:37f1242e34ca273ed2c26cf778854e18dd11b31c6bfca60e23fce146c84667c1"},
    {file = "rcssmin-1.1.0-cp38-cp38-manylinux1_x86_64.whl", hash = "sha256:f31c82d06ba2dbf33c20db9550157e80bb0c4cbd24575c098f0831d1d2e3c5df"},
    {file = "rcssmin-1.1.0-cp38-cp38-manylinux2014_aarch64.whl", hash = "sha256:7da63fee37edf204bbd86785edb4d7491642adbfd1d36fd230b7ccbbd8db1a6f"},
    {file = "rcssmin-1.1.0-cp39-cp39-manylinux1_i686.whl", hash = "sha256:c28b9eb20982b45ebe6adef8bd2547e5ed314dafddfff4eba806b0f8c166cfd1"},
    {file = "rcssmin-1.1.0-cp39-cp39-manylinux1_x86_64.whl", hash = "sha256:32ccaebbbd4d56eab08cf26aed36f5d33389b9d1d3ca1fecf53eb6ab77760ddf"},
    {file = "rcssmin-1.1.0-cp39-cp39-manylinux2014_aarch64.whl", hash = "sha256:7c44002b79f3656348196005b9522ec5e04f182b466f66d72b16be0bd03c13d8"},
    {file = "rcssmin-1.1.0.tar.gz", hash = "sha256:27fc400627fd3d328b7fe95af2a01f5d0af6b5af39731af5d071826a1f08e362"},
]

[[package]]
name = "rjsmin"
version = "1.2.0"
description = "Javascript Minifier"
optional = false
python-versions = "*"
files = [
    {file = "rjsmin-1.2.0-cp27-cp27m-manylinux1_i686.whl", hash = "sha256:e18fe1a610fb105273bb369f61c2b0bd9e66a3f0792e27e4cac44e42ace1968b"},
    {file = "rjsmin-1.2.0-cp27-cp27m-manylinux1_x86_64.whl", hash = "sha256:6c395ffc130332cca744f081ed5efd5699038dcb7a5d30c3ff4bc6adb5b30a62"},
    {file = "rjsmin-1.2.0-cp27-cp27mu-manylinux1_i686.whl", hash = "sha256:3b14f4c2933ec194eb816b71a0854ce461b6419a3d852bf360344731ab28c0a6"},
    {file = "rjsmin-1.2.0-cp27-cp27mu-manylinux1_x86_64.whl", hash = "sha256:54fc30519365841b27556ccc1cb94c5b4413c384ff6d467442fddba66e2e325a"},
    {file = "rjsmin-1.2.0-cp310-cp310-manylinux1_i686.whl", hash = "sha256:40e7211a25d9a11ac9ff50446e41268c978555676828af86fa1866615823bfff"},
    {file = "rjsmin-1.2.0-cp310-cp310-manylinux2014_aarch64.whl", hash = "sha256:99e5597a812b60058baa1457387dc79cca7d273b2a700dc98bfd20d43d60711d"},
    {file = "rjsmin-1.2.0-cp310-cp310-manylinux2014_x86_64.whl", hash = "sha256:993935654c1311280e69665367d7e6ff694ac9e1609168cf51cae8c0307df0db"},
    {file = "rjsmin-1.2.0-cp36-cp36m-manylinux1_i686.whl", hash = "sha256:c81229ffe5b0a0d5b3b5d5e6d0431f182572de9e9a077e85dbae5757db0ab75c"},
    {file = "rjsmin-1.2.0-cp36-cp36m-manylinux2014_aarch64.whl", hash = "sha256:1c93b29fd725e61718299ffe57de93ff32d71b313eaabbfcc7bd32ddb82831d5"},
    {file = "rjsmin-1.2.0-cp36-cp36m-manylinux2014_x86_64.whl", hash = "sha256:38a4474ed52e1575fb9da983ec8657faecd8ab3738508d36e04f87769411fd3d"},
    {file = "rjsmin-1.2.0-cp37-cp37m-manylinux1_i686.whl", hash = "sha256:1622fbb6c6a8daaf77da13cc83356539bfe79c1440f9664b02c7f7b150b9a18e"},
    {file = "rjsmin-1.2.0-cp37-cp37m-manylinux2014_aarch64.whl", hash = "sha256:4387a00777faddf853eebdece9f2e56ebaf243c3f24676a9de6a20c5d4f3d731"},
    {file = "rjsmin-1.2.0-cp37-cp37m-manylinux2014_x86_64.whl", hash = "sha256:86c4da7285ddafe6888cb262da563570f28e4a31146b5164a7a6947b1222196b"},
    {file = "rjsmin-1.2.0-cp38-cp38-manylinux1_i686.whl", hash = "sha256:d63e193a2f932a786ae82068aa76d1d126fcdff8582094caff9e5e66c4dcc124"},
    {file = "rjsmin-1.2.0-cp38-cp38-manylinux2014_aarch64.whl", hash = "sha256:05efa485dfddb6418e3b86d8862463aa15641a61f6ae05e7e6de8f116ee77c69"},
    {file = "rjsmin-1.2.0-cp38-cp38-manylinux2014_x86_64.whl", hash = "sha256:b6a7c8c8d19e154334f640954e43e57283e87bb4a2f6e23295db14eea8e9fc1d"},
    {file = "rjsmin-1.2.0-cp39-cp39-manylinux1_i686.whl", hash = "sha256:2ed83aca637186bafdc894b4b7fc3657e2d74014ccca7d3d69122c1e82675216"},
    {file = "rjsmin-1.2.0-cp39-cp39-manylinux2014_aarch64.whl", hash = "sha256:41c7c3910f7b8816e37366b293e576ddecf696c5f2197d53cf2c1526ac336646"},
    {file = "rjsmin-1.2.0-cp39-cp39-manylinux2014_x86_64.whl", hash = "sha256:8944a8a55ac825b8e5ec29f341ecb7574697691ef416506885898d2f780fb4ca"},
    {file = "rjsmin-1.2.0.tar.gz", hash = "sha256:6c529feb6c400984452494c52dd9fdf59185afeacca2afc5174a28ab37751a1b"},
]

[[package]]
name = "setuptools"
version = "68.0.0"
description = "Easily download, build, install, upgrade, and uninstall Python packages"
optional = false
python-versions = ">=3.7"
files = [
    {file = "setuptools-68.0.0-py3-none-any.whl", hash = "sha256:11e52c67415a381d10d6b462ced9cfb97066179f0e871399e006c4ab101fc85f"},
    {file = "setuptools-68.0.0.tar.gz", hash = "sha256:baf1fdb41c6da4cd2eae722e135500da913332ab3f2f5c7d33af9b492acb5235"},
]

[package.extras]
docs = ["furo", "jaraco.packaging (>=9)", "jaraco.tidelift (>=1.4)", "pygments-github-lexers (==0.0.5)", "rst.linker (>=1.9)", "sphinx (>=3.5)", "sphinx-favicon", "sphinx-hoverxref (<2)", "sphinx-inline-tabs", "sphinx-lint", "sphinx-notfound-page (==0.8.3)", "sphinx-reredirects", "sphinxcontrib-towncrier"]
testing = ["build[virtualenv]", "filelock (>=3.4.0)", "flake8-2020", "ini2toml[lite] (>=0.9)", "jaraco.envs (>=2.2)", "jaraco.path (>=3.2.0)", "pip (>=19.1)", "pip-run (>=8.8)", "pytest (>=6)", "pytest-black (>=0.3.7)", "pytest-checkdocs (>=2.4)", "pytest-cov", "pytest-enabler (>=1.3)", "pytest-mypy (>=0.9.1)", "pytest-perf", "pytest-ruff", "pytest-timeout", "pytest-xdist", "tomli-w (>=1.0.0)", "virtualenv (>=13.0.0)", "wheel"]
testing-integration = ["build[virtualenv]", "filelock (>=3.4.0)", "jaraco.envs (>=2.2)", "jaraco.path (>=3.2.0)", "pytest", "pytest-enabler", "pytest-xdist", "tomli", "virtualenv (>=13.0.0)", "wheel"]

[[package]]
name = "six"
version = "1.16.0"
description = "Python 2 and 3 compatibility utilities"
optional = false
python-versions = ">=2.7, !=3.0.*, !=3.1.*, !=3.2.*"
files = [
    {file = "six-1.16.0-py2.py3-none-any.whl", hash = "sha256:8abb2f1d86890a2dfb989f9a77cfcfd3e47c2a354b01111771326f8aa26e0254"},
    {file = "six-1.16.0.tar.gz", hash = "sha256:1e61c37477a1626458e36f7b1d82aa5c9b094fa4802892072e49de9c60c4c926"},
]

[[package]]
name = "soupsieve"
version = "2.3.2.post1"
description = "A modern CSS selector implementation for Beautiful Soup."
optional = false
python-versions = ">=3.6"
files = [
    {file = "soupsieve-2.3.2.post1-py3-none-any.whl", hash = "sha256:3b2503d3c7084a42b1ebd08116e5f81aadfaea95863628c80a3b774a11b7c759"},
    {file = "soupsieve-2.3.2.post1.tar.gz", hash = "sha256:fc53893b3da2c33de295667a0e19f078c14bf86544af307354de5fcf12a3f30d"},
]

[[package]]
name = "sqlparse"
version = "0.4.2"
description = "A non-validating SQL parser."
optional = false
python-versions = ">=3.5"
files = [
    {file = "sqlparse-0.4.2-py3-none-any.whl", hash = "sha256:48719e356bb8b42991bdbb1e8b83223757b93789c00910a616a071910ca4a64d"},
    {file = "sqlparse-0.4.2.tar.gz", hash = "sha256:0c00730c74263a94e5a9919ade150dfc3b19c574389985446148402998287dae"},
]

[[package]]
name = "toml"
version = "0.10.2"
description = "Python Library for Tom's Obvious, Minimal Language"
optional = false
python-versions = ">=2.6, !=3.0.*, !=3.1.*, !=3.2.*"
files = [
    {file = "toml-0.10.2-py2.py3-none-any.whl", hash = "sha256:806143ae5bfb6a3c6e736a764057db0e6a0e05e338b5630894a5f779cabb4f9b"},
    {file = "toml-0.10.2.tar.gz", hash = "sha256:b3bda1d108d5dd99f4a20d24d9c348e91c4db7ab1b749200bded2f839ccbe68f"},
]

[[package]]
name = "unipath"
version = "1.1"
description = "Object-oriented alternative to os/os.path/shutil"
optional = false
python-versions = "*"
files = [
    {file = "Unipath-1.1-py2-none-any.whl", hash = "sha256:e6257e508d8abbfb6ddd8ec357e33589f1f48b1599127f23b017124d90b0fff7"},
    {file = "Unipath-1.1.tar.gz", hash = "sha256:09839adcc72e8a24d4f76d63656f30b5a1f721fc40c9bcd79d8c67bdd8b47dae"},
]

[[package]]
name = "whitenoise"
version = "6.2.0"
description = "Radically simplified static file serving for WSGI applications"
optional = false
python-versions = ">=3.7"
files = [
    {file = "whitenoise-6.2.0-py3-none-any.whl", hash = "sha256:8e9c600a5c18bd17655ef668ad55b5edf6c24ce9bdca5bf607649ca4b1e8e2c2"},
    {file = "whitenoise-6.2.0.tar.gz", hash = "sha256:8fa943c6d4cd9e27673b70c21a07b0aa120873901e099cd46cab40f7cc96d567"},
]

[package.extras]
brotli = ["Brotli"]

[metadata]
lock-version = "2.0"
python-versions = "^3.10"
content-hash = "9440065ea0c2a49b83363134f349d09e2af1933107f9189337fde44cfe3227ab"
